
Microsoft Visual Studio Solution File, Format Version 12.00
# Visual Studio Version 16
VisualStudioVersion = 16.0.29324.140
MinimumVisualStudioVersion = 10.0.40219.1
Project("{9A19103F-16F7-4668-BE54-9A1E7A4F7556}") = "Saxx.Storyblok", "src\Saxx.Storyblok\Saxx.Storyblok.csproj", "{D31EF708-E688-4ADD-BB3B-CABE548F843A}"
EndProject
Project("{9A19103F-16F7-4668-BE54-9A1E7A4F7556}") = "Saxx.Storyblok.Components", "src\Saxx.Storyblok.Components\Saxx.Storyblok.Components.csproj", "{F75FB0A1-B4AE-4E05-9C1D-530435CF4882}"
EndProject
Project("{9A19103F-16F7-4668-BE54-9A1E7A4F7556}") = "Saxx.Storyblok.Example", "src\Saxx.Storyblok.Example\Saxx.Storyblok.Example.csproj", "{EC8F6ECF-9950-48A6-B5DD-B40C23E4151B}"
EndProject
Global
	GlobalSection(SolutionConfigurationPlatforms) = preSolution
		Debug|Any CPU = Debug|Any CPU
		Release|Any CPU = Release|Any CPU
	EndGlobalSection
	GlobalSection(ProjectConfigurationPlatforms) = postSolution
		{D31EF708-E688-4ADD-BB3B-CABE548F843A}.Debug|Any CPU.ActiveCfg = Debug|Any CPU
		{D31EF708-E688-4ADD-BB3B-CABE548F843A}.Debug|Any CPU.Build.0 = Debug|Any CPU
		{D31EF708-E688-4ADD-BB3B-CABE548F843A}.Release|Any CPU.ActiveCfg = Release|Any CPU
		{D31EF708-E688-4ADD-BB3B-CABE548F843A}.Release|Any CPU.Build.0 = Release|Any CPU
		{F75FB0A1-B4AE-4E05-9C1D-530435CF4882}.Debug|Any CPU.ActiveCfg = Debug|Any CPU
		{F75FB0A1-B4AE-4E05-9C1D-530435CF4882}.Debug|Any CPU.Build.0 = Debug|Any CPU
		{F75FB0A1-B4AE-4E05-9C1D-530435CF4882}.Release|Any CPU.ActiveCfg = Release|Any CPU
		{F75FB0A1-B4AE-4E05-9C1D-530435CF4882}.Release|Any CPU.Build.0 = Release|Any CPU
		{EC8F6ECF-9950-48A6-B5DD-B40C23E4151B}.Debug|Any CPU.ActiveCfg = Debug|Any CPU
		{EC8F6ECF-9950-48A6-B5DD-B40C23E4151B}.Debug|Any CPU.Build.0 = Debug|Any CPU
		{EC8F6ECF-9950-48A6-B5DD-B40C23E4151B}.Release|Any CPU.ActiveCfg = Release|Any CPU
		{EC8F6ECF-9950-48A6-B5DD-B40C23E4151B}.Release|Any CPU.Build.0 = Release|Any CPU
	EndGlobalSection
	GlobalSection(SolutionProperties) = preSolution
		HideSolutionNode = FALSE
	EndGlobalSection
	GlobalSection(ExtensibilityGlobals) = postSolution
		SolutionGuid = {EB07A5AB-3EC1-4543-BA8E-8281E6355EB1}
	EndGlobalSection
EndGlobal
